
Microsoft Visual Studio Solution File, Format Version 12.00
# Visual Studio 15
VisualStudioVersion = 15.0.28307.572
MinimumVisualStudioVersion = 10.0.40219.1
Project("{FAE04EC0-301F-11D3-BF4B-00C04F79EFBC}") = "CopyTableNamesToCopTranslations.Core", "CopyTableNamesToCopTranslations.Core\CopyTableNamesToCopTranslations.Core.csproj", "{C041AC34-D09E-4001-9031-78DB6F02F96D}"
EndProject
Project("{9A19103F-16F7-4668-BE54-9A1E7A4F7556}") = "CopyTableNamesToCopTranslations.Web", "CopyTableNamesToCopTranslations.Web\CopyTableNamesToCopTranslations.Web.csproj", "{A35A6FA8-923A-4560-B877-DE3AF8B4D9BD}"
EndProject
Project("{FAE04EC0-301F-11D3-BF4B-00C04F79EFBC}") = "CopyTableNamesToCopTranslations.Core.Tests", "CopyTableNamesToCopTranslations.Core.Tests\CopyTableNamesToCopTranslations.Core.Tests.csproj", "{DE09BCB1-A019-4FB8-89D6-128552B31480}"
EndProject
Project("{FAE04EC0-301F-11D3-BF4B-00C04F79EFBC}") = "CopyTableNamesToCopTranslations.Program.AutomaticDI", "CopyTableNamesToCopTranslations.Program.AutomaticDI\CopyTableNamesToCopTranslations.Program.AutomaticDI.csproj", "{96F7E7F0-E436-4160-9527-6C3132A89BE7}"
EndProject
Project("{FAE04EC0-301F-11D3-BF4B-00C04F79EFBC}") = "CopyTableNamesToCopTranslations.Program", "CopyTableNamesToCopTranslations.Program\CopyTableNamesToCopTranslations.Program.csproj", "{10A2493F-2644-4A33-922A-AF1F6398D1B3}"
EndProject
Global
	GlobalSection(SolutionConfigurationPlatforms) = preSolution
		Debug|Any CPU = Debug|Any CPU
		Release|Any CPU = Release|Any CPU
	EndGlobalSection
	GlobalSection(ProjectConfigurationPlatforms) = postSolution
		{C041AC34-D09E-4001-9031-78DB6F02F96D}.Debug|Any CPU.ActiveCfg = Debug|Any CPU
		{C041AC34-D09E-4001-9031-78DB6F02F96D}.Debug|Any CPU.Build.0 = Debug|Any CPU
		{C041AC34-D09E-4001-9031-78DB6F02F96D}.Release|Any CPU.ActiveCfg = Release|Any CPU
		{C041AC34-D09E-4001-9031-78DB6F02F96D}.Release|Any CPU.Build.0 = Release|Any CPU
		{A35A6FA8-923A-4560-B877-DE3AF8B4D9BD}.Debug|Any CPU.ActiveCfg = Debug|Any CPU
		{A35A6FA8-923A-4560-B877-DE3AF8B4D9BD}.Debug|Any CPU.Build.0 = Debug|Any CPU
		{A35A6FA8-923A-4560-B877-DE3AF8B4D9BD}.Release|Any CPU.ActiveCfg = Release|Any CPU
		{A35A6FA8-923A-4560-B877-DE3AF8B4D9BD}.Release|Any CPU.Build.0 = Release|Any CPU
		{DE09BCB1-A019-4FB8-89D6-128552B31480}.Debug|Any CPU.ActiveCfg = Debug|Any CPU
		{DE09BCB1-A019-4FB8-89D6-128552B31480}.Debug|Any CPU.Build.0 = Debug|Any CPU
		{DE09BCB1-A019-4FB8-89D6-128552B31480}.Release|Any CPU.ActiveCfg = Release|Any CPU
		{DE09BCB1-A019-4FB8-89D6-128552B31480}.Release|Any CPU.Build.0 = Release|Any CPU
		{96F7E7F0-E436-4160-9527-6C3132A89BE7}.Debug|Any CPU.ActiveCfg = Debug|Any CPU
		{96F7E7F0-E436-4160-9527-6C3132A89BE7}.Debug|Any CPU.Build.0 = Debug|Any CPU
		{96F7E7F0-E436-4160-9527-6C3132A89BE7}.Release|Any CPU.ActiveCfg = Release|Any CPU
		{96F7E7F0-E436-4160-9527-6C3132A89BE7}.Release|Any CPU.Build.0 = Release|Any CPU
		{10A2493F-2644-4A33-922A-AF1F6398D1B3}.Debug|Any CPU.ActiveCfg = Debug|Any CPU
		{10A2493F-2644-4A33-922A-AF1F6398D1B3}.Debug|Any CPU.Build.0 = Debug|Any CPU
		{10A2493F-2644-4A33-922A-AF1F6398D1B3}.Release|Any CPU.ActiveCfg = Release|Any CPU
		{10A2493F-2644-4A33-922A-AF1F6398D1B3}.Release|Any CPU.Build.0 = Release|Any CPU
	EndGlobalSection
	GlobalSection(SolutionProperties) = preSolution
		HideSolutionNode = FALSE
	EndGlobalSection
	GlobalSection(ExtensibilityGlobals) = postSolution
		SolutionGuid = {DB6115F0-2E5F-463A-B043-9B6CE3C9418E}
	EndGlobalSection
EndGlobal
